{
  "name": "saenieks",
  "lockfileVersion": 2,
  "requires": true,
  "packages": {
    "": {
      "name": "saenieks",
      "devDependencies": {
        "zola-bin": "^0.3.3"
      }
    },
    "node_modules/dotenv": {
      "version": "14.3.2",
      "resolved": "https://registry.npmjs.org/dotenv/-/dotenv-14.3.2.tgz",
      "integrity": "sha512-vwEppIphpFdvaMCaHfCEv9IgwcxMljMw2TnAQBB4VWPvzXQLTb82jwmdOKzlEVUL3gNFT4l4TPKO+Bn+sqcrVQ==",
      "dev": true,
      "engines": {
        "node": ">=12"
      }
    },
    "node_modules/zola-bin": {
      "version": "0.3.3",
      "resolved": "https://registry.npmjs.org/zola-bin/-/zola-bin-0.3.3.tgz",
      "integrity": "sha512-MeXjdbKdNqqQFVJ4ZYMvU5ACkOCiwFGe/3kAtvRCjIFWiRPH21Zmk7HlI185SLTRYFh220o8BoZdL45yR1bwCA==",
      "dev": true,
      "dependencies": {
        "dotenv": "14.3.2"
      },
      "bin": {
        "zola-bin": "bin/zola.js"
      },
      "engines": {
        "node": ">=14.0.0"
      },
      "optionalDependencies": {
        "zola-bin-darwin": "^0.15.3",
        "zola-bin-linux": "^0.15.3",
        "zola-bin-win32": "^0.15.3"
      }
    },
    "node_modules/zola-bin-darwin": {
      "version": "0.15.3",
      "resolved": "https://registry.npmjs.org/zola-bin-darwin/-/zola-bin-darwin-0.15.3.tgz",
      "integrity": "sha512-UlaPP2ufS6a3WD/nBYZwvG5LDx2kKJCwv7KSf19ZzpOVL4gS7QZXuB9RdycZ0Adt9wV+DPqbyuKN2iMAvRBpig==",
      "dev": true,
      "optional": true,
      "os": [
        "darwin"
      ]
    },
    "node_modules/zola-bin-linux": {
      "version": "0.15.3",
      "resolved": "https://registry.npmjs.org/zola-bin-linux/-/zola-bin-linux-0.15.3.tgz",
      "integrity": "sha512-KNmTmWp9xbSNYMNgog1wTzm0lht6C6DNR5K/f60yNdSoMAs/uLBqbIGB5msHHRZAQ+c1f09L6lA3E77kNRqiiQ==",
      "dev": true,
      "optional": true,
      "os": [
        "linux"
      ]
    },
    "node_modules/zola-bin-win32": {
      "version": "0.15.3",
      "resolved": "https://registry.npmjs.org/zola-bin-win32/-/zola-bin-win32-0.15.3.tgz",
      "integrity": "sha512-0v543E0A5i/eFOHvCF+s3tMuzUsafHpzr9Kvvga3F1ShmpZdsTz5U/pff6CDfUHh84huM6G65/lSdPe3c9cpoQ==",
      "dev": true,
      "optional": true,
      "os": [
        "win32"
      ]
    }
  },
  "dependencies": {
    "dotenv": {
      "version": "14.3.2",
      "resolved": "https://registry.npmjs.org/dotenv/-/dotenv-14.3.2.tgz",
      "integrity": "sha512-vwEppIphpFdvaMCaHfCEv9IgwcxMljMw2TnAQBB4VWPvzXQLTb82jwmdOKzlEVUL3gNFT4l4TPKO+Bn+sqcrVQ==",
      "dev": true
    },
    "zola-bin": {
      "version": "0.3.3",
      "resolved": "https://registry.npmjs.org/zola-bin/-/zola-bin-0.3.3.tgz",
      "integrity": "sha512-MeXjdbKdNqqQFVJ4ZYMvU5ACkOCiwFGe/3kAtvRCjIFWiRPH21Zmk7HlI185SLTRYFh220o8BoZdL45yR1bwCA==",
      "dev": true,
      "requires": {
        "dotenv": "14.3.2",
        "zola-bin-darwin": "^0.15.3",
        "zola-bin-linux": "^0.15.3",
        "zola-bin-win32": "^0.15.3"
      }
    },
    "zola-bin-darwin": {
      "version": "0.15.3",
      "resolved": "https://registry.npmjs.org/zola-bin-darwin/-/zola-bin-darwin-0.15.3.tgz",
      "integrity": "sha512-UlaPP2ufS6a3WD/nBYZwvG5LDx2kKJCwv7KSf19ZzpOVL4gS7QZXuB9RdycZ0Adt9wV+DPqbyuKN2iMAvRBpig==",
      "dev": true,
      "optional": true
    },
    "zola-bin-linux": {
      "version": "0.15.3",
      "resolved": "https://registry.npmjs.org/zola-bin-linux/-/zola-bin-linux-0.15.3.tgz",
      "integrity": "sha512-KNmTmWp9xbSNYMNgog1wTzm0lht6C6DNR5K/f60yNdSoMAs/uLBqbIGB5msHHRZAQ+c1f09L6lA3E77kNRqiiQ==",
      "dev": true,
      "optional": true
    },
    "zola-bin-win32": {
      "version": "0.15.3",
      "resolved": "https://registry.npmjs.org/zola-bin-win32/-/zola-bin-win32-0.15.3.tgz",
      "integrity": "sha512-0v543E0A5i/eFOHvCF+s3tMuzUsafHpzr9Kvvga3F1ShmpZdsTz5U/pff6CDfUHh84huM6G65/lSdPe3c9cpoQ==",
      "dev": true,
      "optional": true
    }
  }
}
